
Microsoft Visual Studio Solution File, Format Version 12.00
# Visual Studio Version 18
VisualStudioVersion = 18.1.11312.151
MinimumVisualStudioVersion = 10.0.40219.1
Project("{2150E333-8FDC-42A3-9474-1A3956D46DE8}") = "src", "src", "{827E0CD3-B72D-47B6-A68D-7590B98EB39B}"
EndProject
Project("{FAE04EC0-301F-11D3-BF4B-00C04F79EFBC}") = "Bootstrapper", "src\Bootstrapper\Bootstrapper.csproj", "{02CF46E0-469E-4BBA-BCEC-A6B16AB94447}"
EndProject
Project("{2150E333-8FDC-42A3-9474-1A3956D46DE8}") = "Modules", "Modules", "{C07D6CC2-FC3C-4CD3-87B4-6605FD07CC58}"
EndProject
Project("{2150E333-8FDC-42A3-9474-1A3956D46DE8}") = "Account", "Account", "{A9795D4D-A1C8-49D8-A172-99FE0743F0AC}"
EndProject
Project("{FAE04EC0-301F-11D3-BF4B-00C04F79EFBC}") = "Account", "src\Modules\Account\Account.csproj", "{90B85FDE-AD14-4E8A-B3AE-3707BF6B2504}"
EndProject
Project("{2150E333-8FDC-42A3-9474-1A3956D46DE8}") = "Shared", "Shared", "{2C37BF0C-AA9D-41AC-9F0F-EE7B8EED21EC}"
EndProject
Project("{FAE04EC0-301F-11D3-BF4B-00C04F79EFBC}") = "Shared", "src\Shared\Shared.csproj", "{99507BA0-BB0B-3FD9-D8E2-2AE9B409CB73}"
EndProject
Global
	GlobalSection(SolutionConfigurationPlatforms) = preSolution
		Debug|Any CPU = Debug|Any CPU
		Debug|x64 = Debug|x64
		Debug|x86 = Debug|x86
		Release|Any CPU = Release|Any CPU
		Release|x64 = Release|x64
		Release|x86 = Release|x86
	EndGlobalSection
	GlobalSection(ProjectConfigurationPlatforms) = postSolution
		{02CF46E0-469E-4BBA-BCEC-A6B16AB94447}.Debug|Any CPU.ActiveCfg = Debug|Any CPU
		{02CF46E0-469E-4BBA-BCEC-A6B16AB94447}.Debug|Any CPU.Build.0 = Debug|Any CPU
		{02CF46E0-469E-4BBA-BCEC-A6B16AB94447}.Debug|x64.ActiveCfg = Debug|Any CPU
		{02CF46E0-469E-4BBA-BCEC-A6B16AB94447}.Debug|x64.Build.0 = Debug|Any CPU
		{02CF46E0-469E-4BBA-BCEC-A6B16AB94447}.Debug|x86.ActiveCfg = Debug|Any CPU
		{02CF46E0-469E-4BBA-BCEC-A6B16AB94447}.Debug|x86.Build.0 = Debug|Any CPU
		{02CF46E0-469E-4BBA-BCEC-A6B16AB94447}.Release|Any CPU.ActiveCfg = Release|Any CPU
		{02CF46E0-469E-4BBA-BCEC-A6B16AB94447}.Release|Any CPU.Build.0 = Release|Any CPU
		{02CF46E0-469E-4BBA-BCEC-A6B16AB94447}.Release|x64.ActiveCfg = Release|Any CPU
		{02CF46E0-469E-4BBA-BCEC-A6B16AB94447}.Release|x64.Build.0 = Release|Any CPU
		{02CF46E0-469E-4BBA-BCEC-A6B16AB94447}.Release|x86.ActiveCfg = Release|Any CPU
		{02CF46E0-469E-4BBA-BCEC-A6B16AB94447}.Release|x86.Build.0 = Release|Any CPU
		{90B85FDE-AD14-4E8A-B3AE-3707BF6B2504}.Debug|Any CPU.ActiveCfg = Debug|Any CPU
		{90B85FDE-AD14-4E8A-B3AE-3707BF6B2504}.Debug|Any CPU.Build.0 = Debug|Any CPU
		{90B85FDE-AD14-4E8A-B3AE-3707BF6B2504}.Debug|x64.ActiveCfg = Debug|Any CPU
		{90B85FDE-AD14-4E8A-B3AE-3707BF6B2504}.Debug|x64.Build.0 = Debug|Any CPU
		{90B85FDE-AD14-4E8A-B3AE-3707BF6B2504}.Debug|x86.ActiveCfg = Debug|Any CPU
		{90B85FDE-AD14-4E8A-B3AE-3707BF6B2504}.Debug|x86.Build.0 = Debug|Any CPU
		{90B85FDE-AD14-4E8A-B3AE-3707BF6B2504}.Release|Any CPU.ActiveCfg = Release|Any CPU
		{90B85FDE-AD14-4E8A-B3AE-3707BF6B2504}.Release|Any CPU.Build.0 = Release|Any CPU
		{90B85FDE-AD14-4E8A-B3AE-3707BF6B2504}.Release|x64.ActiveCfg = Release|Any CPU
		{90B85FDE-AD14-4E8A-B3AE-3707BF6B2504}.Release|x64.Build.0 = Release|Any CPU
		{90B85FDE-AD14-4E8A-B3AE-3707BF6B2504}.Release|x86.ActiveCfg = Release|Any CPU
		{90B85FDE-AD14-4E8A-B3AE-3707BF6B2504}.Release|x86.Build.0 = Release|Any CPU
		{99507BA0-BB0B-3FD9-D8E2-2AE9B409CB73}.Debug|Any CPU.ActiveCfg = Debug|Any CPU
		{99507BA0-BB0B-3FD9-D8E2-2AE9B409CB73}.Debug|Any CPU.Build.0 = Debug|Any CPU
		{99507BA0-BB0B-3FD9-D8E2-2AE9B409CB73}.Debug|x64.ActiveCfg = Debug|Any CPU
		{99507BA0-BB0B-3FD9-D8E2-2AE9B409CB73}.Debug|x64.Build.0 = Debug|Any CPU
		{99507BA0-BB0B-3FD9-D8E2-2AE9B409CB73}.Debug|x86.ActiveCfg = Debug|Any CPU
		{99507BA0-BB0B-3FD9-D8E2-2AE9B409CB73}.Debug|x86.Build.0 = Debug|Any CPU
		{99507BA0-BB0B-3FD9-D8E2-2AE9B409CB73}.Release|Any CPU.ActiveCfg = Release|Any CPU
		{99507BA0-BB0B-3FD9-D8E2-2AE9B409CB73}.Release|Any CPU.Build.0 = Release|Any CPU
		{99507BA0-BB0B-3FD9-D8E2-2AE9B409CB73}.Release|x64.ActiveCfg = Release|Any CPU
		{99507BA0-BB0B-3FD9-D8E2-2AE9B409CB73}.Release|x64.Build.0 = Release|Any CPU
		{99507BA0-BB0B-3FD9-D8E2-2AE9B409CB73}.Release|x86.ActiveCfg = Release|Any CPU
		{99507BA0-BB0B-3FD9-D8E2-2AE9B409CB73}.Release|x86.Build.0 = Release|Any CPU
	EndGlobalSection
	GlobalSection(SolutionProperties) = preSolution
		HideSolutionNode = FALSE
	EndGlobalSection
	GlobalSection(NestedProjects) = preSolution
		{02CF46E0-469E-4BBA-BCEC-A6B16AB94447} = {827E0CD3-B72D-47B6-A68D-7590B98EB39B}
		{C07D6CC2-FC3C-4CD3-87B4-6605FD07CC58} = {827E0CD3-B72D-47B6-A68D-7590B98EB39B}
		{A9795D4D-A1C8-49D8-A172-99FE0743F0AC} = {C07D6CC2-FC3C-4CD3-87B4-6605FD07CC58}
		{90B85FDE-AD14-4E8A-B3AE-3707BF6B2504} = {A9795D4D-A1C8-49D8-A172-99FE0743F0AC}
		{2C37BF0C-AA9D-41AC-9F0F-EE7B8EED21EC} = {827E0CD3-B72D-47B6-A68D-7590B98EB39B}
		{99507BA0-BB0B-3FD9-D8E2-2AE9B409CB73} = {2C37BF0C-AA9D-41AC-9F0F-EE7B8EED21EC}
	EndGlobalSection
	GlobalSection(ExtensibilityGlobals) = postSolution
		SolutionGuid = {374BB791-BE56-4825-A569-4026DC88CC0F}
	EndGlobalSection
EndGlobal
